
Microsoft Visual Studio Solution File, Format Version 12.00
# Visual Studio Version 17
VisualStudioVersion = 17.14.36121.58 d17.14
MinimumVisualStudioVersion = 10.0.40219.1
Project("{FAE04EC0-301F-11D3-BF4B-00C04F79EFBC}") = "Stationery_Store", "Stationery_Store\Stationery_Store.csproj", "{CE5E2176-78AE-45F2-A36E-1FAB14E23061}"
EndProject
Global
	GlobalSection(SolutionConfigurationPlatforms) = preSolution
		Debug|Any CPU = Debug|Any CPU
		Release|Any CPU = Release|Any CPU
	EndGlobalSection
	GlobalSection(ProjectConfigurationPlatforms) = postSolution
		{CE5E2176-78AE-45F2-A36E-1FAB14E23061}.Debug|Any CPU.ActiveCfg = Debug|Any CPU
		{CE5E2176-78AE-45F2-A36E-1FAB14E23061}.Debug|Any CPU.Build.0 = Debug|Any CPU
		{CE5E2176-78AE-45F2-A36E-1FAB14E23061}.Release|Any CPU.ActiveCfg = Release|Any CPU
		{CE5E2176-78AE-45F2-A36E-1FAB14E23061}.Release|Any CPU.Build.0 = Release|Any CPU
	EndGlobalSection
	GlobalSection(SolutionProperties) = preSolution
		HideSolutionNode = FALSE
	EndGlobalSection
	GlobalSection(ExtensibilityGlobals) = postSolution
		SolutionGuid = {47421147-8170-4998-B3A3-DCB32409958C}
	EndGlobalSection
EndGlobal
